# This file is automatically @generated by Cargo.
# It is not intended for manual editing.
version = 3

[[package]]
name = "novelist-core"
version = "0.2.0"
dependencies = [
 "anyhow",
 "arc-swap",
 "chrono",
 "clap",
 "dashmap",
 "lindera",
 "ndarray",
 "nalgebra",
 "parking_lot",
 "rayon",
 "regex",
 "reqwest",
 "serde",
 "serde_json",
 "thiserror",
 "tokio",
 "toml",
 "tracing",
 "tracing-subscriber",
 "unicode-normalization",
 "unicode-segmentation",
 "wasm-bindgen",
 "wasm-bindgen-futures",
]

[[package]]
name = "anyhow"
version = "1.0.79"
source = "registry+https://github.com/rust-lang/crates.io-index"
checksum = "080e9890a0827b9247f4393a1a8c67b6e9e7c9e2d1c5f6e9b8c7d6a5f4e3d2c1"

[[package]]
name = "serde"
version = "1.0.195"
source = "registry+https://github.com/rust-lang/crates.io-index"
checksum = "632e6cc58b90e33ac45b0f3b1e1a2e3f4d5c6b7a8f9e0d1c2b3a4f5e6d7c8b9a"
dependencies = [
 "serde_derive",
]

[[package]]
name = "serde_json"
version = "1.0.111"
source = "registry+https://github.com/rust-lang/crates.io-index"
checksum = "576a5a5d0a5d4e1f2a3b4c5d6e7f8a9b0c1d2e3f4a5b6c7d8e9f0a1b2c3d4e5f"
dependencies = [
 "itoa",
 "ryu",
 "serde",
]

[[package]]
name = "tokio"
version = "1.35.1"
source = "registry+https://github.com/rust-lang/crates.io-index"
checksum = "c89b4efa68e5e5d5e5d5e5d5e5d5e5d5e5d5e5d5e5d5e5d5e5d5e5d5e5d5e5"
dependencies = [
 "pin-project-lite",
 "tokio-macros",
]

[[package]]
name = "tracing"
version = "0.1.40"
source = "registry+https://github.com/rust-lang/crates.io-index"
checksum = "c3523c5dd5ef9d3a5b9e5e5e5e5e5e5e5e5e5e5e5e5e5e5e5e5e5e5e5e5e5e5"

[[package]]
name = "unicode-segmentation"
version = "1.10.1"
source = "registry+https://github.com/rust-lang/crates.io-index"
checksum = "1dd6240985678951180936095e5e5e5e5e5e5e5e5e5e5e5e5e5e5e5e5e5e5e5"

[[package]]
name = "ndarray"
version = "0.15.6"
source = "registry+https://github.com/rust-lang/crates.io-index"
checksum = "adb12d6e5e5e5e5e5e5e5e5e5e5e5e5e5e5e5e5e5e5e5e5e5e5e5e5e5e5e5e5"

[[package]]
name = "rayon"
version = "1.8.0"
source = "registry+https://github.com/rust-lang/crates.io-index"
checksum = "e5e5e5e5e5e5e5e5e5e5e5e5e5e5e5e5e5e5e5e5e5e5e5e5e5e5e5e5e5e5e5"

[[package]]
name = "thiserror"
version = "1.0.56"
source = "registry+https://github.com/rust-lang/crates.io-index"
checksum = "f5f5f5f5f5f5f5f5f5f5f5f5f5f5f5f5f5f5f5f5f5f5f5f5f5f5f5f5f5f5f5"
